{
  "nodes": {
    "futhark": {
      "inputs": {
        "nixpkgs": "nixpkgs"
      },
      "locked": {
        "lastModified": 1786616073,
        "owner": "diku-dk",
        "repo": "futhark",
        "rev": "e357c801f16d6201231bfa1ddcb97aa0719471f9",
        "type": "github"
      },
      "original": {
        "owner": "diku-dk",
        "repo": "futhark",
        "type": "github"
      }
    },
    "futhark_2": {
      "inputs": {
        "nixpkgs": [
          "remora",
          "nixpkgs"
        ]
      },
      "locked": {
        "lastModified": 1786616073,
        "owner": "diku-dk",
        "repo": "futhark",
        "rev": "e357c801f16d6201231bfa1ddcb97aa0719471f9",
        "type": "github"
      },
      "original": {
        "owner": "diku-dk",
        "repo": "futhark",
        "type": "github"
      }
    },
    "iree": {
      "flake": false,
      "locked": {
        "lastModified": 1786121953,
        "ref": "refs/heads/main",
        "rev": "3699452d60c6dfe483df4675c7e98299fe790ec4",
        "revCount": 20359,
        "submodules": true,
        "type": "git",
        "url": "https://github.com/iree-org/iree.git"
      },
      "original": {
        "rev": "3699452d60c6dfe483df4675c7e98299fe790ec4",
        "submodules": true,
        "type": "git",
        "url": "https://github.com/iree-org/iree.git"
      }
    },
    "mlir-backend": {
      "inputs": {
        "iree": "iree",
        "nixpkgs": "nixpkgs_2"
      },
      "locked": {
        "lastModified": 1786709186,
        "owner": "remora-lang",
        "repo": "mlir-backend",
        "rev": "2c43797a260c32b91458f52b4751f550de8c4d9b",
        "type": "github"
      },
      "original": {
        "owner": "remora-lang",
        "repo": "mlir-backend",
        "type": "github"
      }
    },
    "nixpkgs": {
      "locked": {
        "lastModified": 1777578337,
        "owner": "NixOS",
        "repo": "nixpkgs",
        "rev": "15f4ee454b1dce334612fa6843b3e05cf546efab",
        "type": "github"
      },
      "original": {
        "owner": "NixOS",
        "ref": "nixos-unstable",
        "repo": "nixpkgs",
        "type": "github"
      }
    },
    "nixpkgs_2": {
      "locked": {
        "lastModified": 1782723713,
        "owner": "NixOS",
        "repo": "nixpkgs",
        "rev": "b5aa0fbd538984f6e3d201be0005b4463d8b09f8",
        "type": "github"
      },
      "original": {
        "owner": "NixOS",
        "ref": "nixos-unstable",
        "repo": "nixpkgs",
        "type": "github"
      }
    },
    "nixpkgs_3": {
      "locked": {
        "lastModified": 1786599213,
        "owner": "NixOS",
        "repo": "nixpkgs",
        "rev": "0e251e24a4f24e036a084b6b4b2d2491af4167f4",
        "type": "github"
      },
      "original": {
        "owner": "NixOS",
        "ref": "nixos-unstable",
        "repo": "nixpkgs",
        "type": "github"
      }
    },
    "nixpkgs_4": {
      "locked": {
        "lastModified": 1786534138,
        "owner": "nixos",
        "repo": "nixpkgs",
        "rev": "044bfe75bfe4c7bbe043dc17b5e42ea823b84a09",
        "type": "github"
      },
      "original": {
        "owner": "nixos",
        "ref": "nixpkgs-unstable",
        "repo": "nixpkgs",
        "type": "github"
      }
    },
    "remora": {
      "inputs": {
        "futhark": "futhark_2",
        "nixpkgs": "nixpkgs_4"
      },
      "locked": {
        "lastModified": 1786706481,
        "owner": "remora-lang",
        "repo": "remora",
        "rev": "36ce816bc5461e226664e421bf6b7f7b43444a52",
        "type": "github"
      },
      "original": {
        "owner": "remora-lang",
        "repo": "remora",
        "type": "github"
      }
    },
    "root": {
      "inputs": {
        "futhark": "futhark",
        "mlir-backend": "mlir-backend",
        "nixpkgs": "nixpkgs_3",
        "remora": "remora"
      }
    }
  },
  "root": "root",
  "version": 7
}
